
Microsoft Visual Studio Solution File, Format Version 12.00
# Visual Studio 15
VisualStudioVersion = 15.0.28307.329
MinimumVisualStudioVersion = 10.0.40219.1
Project("{F184B08F-C81C-45F6-A57F-5ABD9991F28F}") = "Aplicacion_SICO_NAG", "Aplicacion_SICO_NAG\Aplicacion_SICO_NAG.vbproj", "{2C4B44A2-F1C3-432A-BAE6-D580E708C4CE}"
EndProject
Project("{2150E333-8FDC-42A3-9474-1A3956D46DE8}") = "Solution Items", "Solution Items", "{5EA2DD3E-C0F2-4497-AAD9-5F66A5BED9FD}"
EndProject
Project("{E24C65DC-7377-472B-9ABA-BC803B73C61A}") = "Contratos_Convenios", "Contratos_Convenios\", "{BE9EF3FC-26BB-4DE8-B8B2-DF9E5CA26B20}"
	ProjectSection(WebsiteProperties) = preProject
		TargetFrameworkMoniker = ".NETFramework,Version%3Dv4.6.1"
		ProjectReferences = "{2c4b44a2-f1c3-432a-bae6-d580e708c4ce}|Aplicacion_SICO_NAG.dll;"
		Debug.AspNetCompiler.VirtualPath = "/localhost_59810"
		Debug.AspNetCompiler.PhysicalPath = "Contratos_Convenios\"
		Debug.AspNetCompiler.TargetPath = "PrecompiledWeb\localhost_59810\"
		Debug.AspNetCompiler.Updateable = "true"
		Debug.AspNetCompiler.ForceOverwrite = "true"
		Debug.AspNetCompiler.FixedNames = "false"
		Debug.AspNetCompiler.Debug = "True"
		Release.AspNetCompiler.VirtualPath = "/localhost_59810"
		Release.AspNetCompiler.PhysicalPath = "Contratos_Convenios\"
		Release.AspNetCompiler.TargetPath = "PrecompiledWeb\localhost_59810\"
		Release.AspNetCompiler.Updateable = "true"
		Release.AspNetCompiler.ForceOverwrite = "true"
		Release.AspNetCompiler.FixedNames = "false"
		Release.AspNetCompiler.Debug = "False"
		VWDPort = "59810"
		SlnRelativePath = "Contratos_Convenios\"
		DefaultWebSiteLanguage = "Visual C#"
	EndProjectSection
EndProject
Global
	GlobalSection(SolutionConfigurationPlatforms) = preSolution
		Debug|Any CPU = Debug|Any CPU
		Release|Any CPU = Release|Any CPU
	EndGlobalSection
	GlobalSection(ProjectConfigurationPlatforms) = postSolution
		{2C4B44A2-F1C3-432A-BAE6-D580E708C4CE}.Debug|Any CPU.ActiveCfg = Debug|Any CPU
		{2C4B44A2-F1C3-432A-BAE6-D580E708C4CE}.Debug|Any CPU.Build.0 = Debug|Any CPU
		{2C4B44A2-F1C3-432A-BAE6-D580E708C4CE}.Release|Any CPU.ActiveCfg = Release|Any CPU
		{2C4B44A2-F1C3-432A-BAE6-D580E708C4CE}.Release|Any CPU.Build.0 = Release|Any CPU
		{BE9EF3FC-26BB-4DE8-B8B2-DF9E5CA26B20}.Debug|Any CPU.ActiveCfg = Debug|Any CPU
		{BE9EF3FC-26BB-4DE8-B8B2-DF9E5CA26B20}.Debug|Any CPU.Build.0 = Debug|Any CPU
		{BE9EF3FC-26BB-4DE8-B8B2-DF9E5CA26B20}.Release|Any CPU.ActiveCfg = Debug|Any CPU
		{BE9EF3FC-26BB-4DE8-B8B2-DF9E5CA26B20}.Release|Any CPU.Build.0 = Debug|Any CPU
	EndGlobalSection
	GlobalSection(SolutionProperties) = preSolution
		HideSolutionNode = FALSE
	EndGlobalSection
	GlobalSection(ExtensibilityGlobals) = postSolution
		SolutionGuid = {F5E74F0A-66CE-4ABA-A986-A5A067609568}
	EndGlobalSection
EndGlobal
